
Microsoft Visual Studio Solution File, Format Version 12.00
# Visual Studio Version 16
VisualStudioVersion = 16.0.31005.135
MinimumVisualStudioVersion = 10.0.40219.1
Project("{8BC9CEB8-8B4A-11D0-8D11-00A0C91BC942}") = "ShaderVariantLogger", "ShaderVariantLogger.vcxproj", "{ABCE4658-44AD-41B2-B557-362CF24A84BA}"
EndProject
Global
	GlobalSection(SolutionConfigurationPlatforms) = preSolution
		Debug|x64 = Debug|x64
		Debug|x86 = Debug|x86
		Release|x64 = Release|x64
		Release|x86 = Release|x86
	EndGlobalSection
	GlobalSection(ProjectConfigurationPlatforms) = postSolution
		{ABCE4658-44AD-41B2-B557-362CF24A84BA}.Debug|x64.ActiveCfg = Debug|x64
		{ABCE4658-44AD-41B2-B557-362CF24A84BA}.Debug|x64.Build.0 = Debug|x64
		{ABCE4658-44AD-41B2-B557-362CF24A84BA}.Debug|x86.ActiveCfg = Debug|Win32
		{ABCE4658-44AD-41B2-B557-362CF24A84BA}.Debug|x86.Build.0 = Debug|Win32
		{ABCE4658-44AD-41B2-B557-362CF24A84BA}.Release|x64.ActiveCfg = Release|x64
		{ABCE4658-44AD-41B2-B557-362CF24A84BA}.Release|x64.Build.0 = Release|x64
		{ABCE4658-44AD-41B2-B557-362CF24A84BA}.Release|x86.ActiveCfg = Release|Win32
		{ABCE4658-44AD-41B2-B557-362CF24A84BA}.Release|x86.Build.0 = Release|Win32
	EndGlobalSection
	GlobalSection(SolutionProperties) = preSolution
		HideSolutionNode = FALSE
	EndGlobalSection
	GlobalSection(ExtensibilityGlobals) = postSolution
		SolutionGuid = {40932A68-91C3-4341-9B4D-1E7EA6C393D4}
	EndGlobalSection
EndGlobal
